// !$*UTF8*$!
{
	archiveVersion = 1;
	classes = {
	};
	objectVersion = 52;
	objects = {

/* Begin PBXBuildFile section */
		2925B18425BB640100A3824B /* MovieViewModel.swift in Sources */ = {isa = PBXBuildFile; fileRef = 2925B18325BB640100A3824B /* MovieViewModel.swift */; };
		2925B18A25BB65F700A3824B /* MovieManager.swift in Sources */ = {isa = PBXBuildFile; fileRef = 2925B18925BB65F700A3824B /* MovieManager.swift */; };
		2925B19325BB66BD00A3824B /* background4.png in Resources */ = {isa = PBXBuildFile; fileRef = 2925B18E25BB66BD00A3824B /* background4.png */; };
		2925B19525BB66BD00A3824B /* background1.png in Resources */ = {isa = PBXBuildFile; fileRef = 2925B19025BB66BD00A3824B /* background1.png */; };
		2925B19E25BB6C9200A3824B /* background2.png in Resources */ = {isa = PBXBuildFile; fileRef = 2925B19B25BB6C9100A3824B /* background2.png */; };
		2925B1A025BB6C9200A3824B /* background3.png in Resources */ = {isa = PBXBuildFile; fileRef = 2925B19D25BB6C9200A3824B /* background3.png */; };
		2925B1B925BB84FC00A3824B /* Identifier+Extension.swift in Sources */ = {isa = PBXBuildFile; fileRef = 2925B1B825BB84FC00A3824B /* Identifier+Extension.swift */; };
		2925B1BD25BB898F00A3824B /* MovieCollectionViewCell.swift in Sources */ = {isa = PBXBuildFile; fileRef = 2925B1BC25BB898F00A3824B /* MovieCollectionViewCell.swift */; };
		293540F725BA3EE9001500B3 /* AppDelegate.swift in Sources */ = {isa = PBXBuildFile; fileRef = 293540F625BA3EE9001500B3 /* AppDelegate.swift */; };
		293540F925BA3EE9001500B3 /* SceneDelegate.swift in Sources */ = {isa = PBXBuildFile; fileRef = 293540F825BA3EE9001500B3 /* SceneDelegate.swift */; };
		2935410025BA3EEB001500B3 /* Assets.xcassets in Resources */ = {isa = PBXBuildFile; fileRef = 293540FF25BA3EEB001500B3 /* Assets.xcassets */; };
		2935410325BA3EEB001500B3 /* LaunchScreen.storyboard in Resources */ = {isa = PBXBuildFile; fileRef = 2935410125BA3EEB001500B3 /* LaunchScreen.storyboard */; };
		2935411A25BA4521001500B3 /* HomeViewController.swift in Sources */ = {isa = PBXBuildFile; fileRef = 2935411925BA4521001500B3 /* HomeViewController.swift */; };
		2935411D25BA497D001500B3 /* HomeViewControllerDataSource.swift in Sources */ = {isa = PBXBuildFile; fileRef = 2935411C25BA497D001500B3 /* HomeViewControllerDataSource.swift */; };
		2935412125BA4AC0001500B3 /* Movie.swift in Sources */ = {isa = PBXBuildFile; fileRef = 2935412025BA4AC0001500B3 /* Movie.swift */; };
		2935412525BA5234001500B3 /* SnapKit in Frameworks */ = {isa = PBXBuildFile; productRef = 2935412425BA5234001500B3 /* SnapKit */; };
		29929B1225BCD54C00477575 /* HeaderView.swift in Sources */ = {isa = PBXBuildFile; fileRef = 29929B1125BCD54C00477575 /* HeaderView.swift */; };
		29A0F4A125C8D17300EDA316 /* MovieDetailView.swift in Sources */ = {isa = PBXBuildFile; fileRef = 29A0F4A025C8D17300EDA316 /* MovieDetailView.swift */; };
		29D42B0825C382FF00CAAD06 /* background5.png in Resources */ = {isa = PBXBuildFile; fileRef = 29D42B0625C382FF00CAAD06 /* background5.png */; };
		29D42B0925C382FF00CAAD06 /* background6.png in Resources */ = {isa = PBXBuildFile; fileRef = 29D42B0725C382FF00CAAD06 /* background6.png */; };
		29D42B0C25C3888E00CAAD06 /* UIFont+Extension.swift in Sources */ = {isa = PBXBuildFile; fileRef = 29D42B0B25C3888E00CAAD06 /* UIFont+Extension.swift */; };
		29ED2A2E25C20F6A00713192 /* AddMovieView.swift in Sources */ = {isa = PBXBuildFile; fileRef = 29ED2A2D25C20F6A00713192 /* AddMovieView.swift */; };
/* End PBXBuildFile section */

/* Begin PBXFileReference section */
		2925B18325BB640100A3824B /* MovieViewModel.swift */ = {isa = PBXFileReference; lastKnownFileType = sourcecode.swift; path = MovieViewModel.swift; sourceTree = "<group>"; };
		2925B18925BB65F700A3824B /* MovieManager.swift */ = {isa = PBXFileReference; lastKnownFileType = sourcecode.swift; path = MovieManager.swift; sourceTree = "<group>"; };
		2925B18E25BB66BD00A3824B /* background4.png */ = {isa = PBXFileReference; lastKnownFileType = image.png; path = background4.png; sourceTree = "<group>"; };
		2925B19025BB66BD00A3824B /* background1.png */ = {isa = PBXFileReference; lastKnownFileType = image.png; path = background1.png; sourceTree = "<group>"; };
		2925B19B25BB6C9100A3824B /* background2.png */ = {isa = PBXFileReference; lastKnownFileType = image.png; path = background2.png; sourceTree = "<group>"; };
		2925B19D25BB6C9200A3824B /* background3.png */ = {isa = PBXFileReference; lastKnownFileType = image.png; path = background3.png; sourceTree = "<group>"; };
		2925B1B825BB84FC00A3824B /* Identifier+Extension.swift */ = {isa = PBXFileReference; lastKnownFileType = sourcecode.swift; path = "Identifier+Extension.swift"; sourceTree = "<group>"; };
		2925B1BC25BB898F00A3824B /* MovieCollectionViewCell.swift */ = {isa = PBXFileReference; lastKnownFileType = sourcecode.swift; path = MovieCollectionViewCell.swift; sourceTree = "<group>"; };
		293540F325BA3EE9001500B3 /* MovieList.app */ = {isa = PBXFileReference; explicitFileType = wrapper.application; includeInIndex = 0; path = MovieList.app; sourceTree = BUILT_PRODUCTS_DIR; };
		293540F625BA3EE9001500B3 /* AppDelegate.swift */ = {isa = PBXFileReference; lastKnownFileType = sourcecode.swift; path = AppDelegate.swift; sourceTree = "<group>"; };
		293540F825BA3EE9001500B3 /* SceneDelegate.swift */ = {isa = PBXFileReference; lastKnownFileType = sourcecode.swift; path = SceneDelegate.swift; sourceTree = "<group>"; };
		293540FF25BA3EEB001500B3 /* Assets.xcassets */ = {isa = PBXFileReference; lastKnownFileType = folder.assetcatalog; path = Assets.xcassets; sourceTree = "<group>"; };
		2935410225BA3EEB001500B3 /* Base */ = {isa = PBXFileReference; lastKnownFileType = file.storyboard; name = Base; path = Base.lproj/LaunchScreen.storyboard; sourceTree = "<group>"; };
		2935410425BA3EEB001500B3 /* Info.plist */ = {isa = PBXFileReference; lastKnownFileType = text.plist.xml; path = Info.plist; sourceTree = "<group>"; };
		2935411925BA4521001500B3 /* HomeViewController.swift */ = {isa = PBXFileReference; lastKnownFileType = sourcecode.swift; path = HomeViewController.swift; sourceTree = "<group>"; };
		2935411C25BA497D001500B3 /* HomeViewControllerDataSource.swift */ = {isa = PBXFileReference; lastKnownFileType = sourcecode.swift; path = HomeViewControllerDataSource.swift; sourceTree = "<group>"; };
		2935412025BA4AC0001500B3 /* Movie.swift */ = {isa = PBXFileReference; lastKnownFileType = sourcecode.swift; path = Movie.swift; sourceTree = "<group>"; };
		29929B1125BCD54C00477575 /* HeaderView.swift */ = {isa = PBXFileReference; lastKnownFileType = sourcecode.swift; path = HeaderView.swift; sourceTree = "<group>"; };
		29A0F4A025C8D17300EDA316 /* MovieDetailView.swift */ = {isa = PBXFileReference; lastKnownFileType = sourcecode.swift; path = MovieDetailView.swift; sourceTree = "<group>"; };
		29D42B0625C382FF00CAAD06 /* background5.png */ = {isa = PBXFileReference; lastKnownFileType = image.png; path = background5.png; sourceTree = "<group>"; };
		29D42B0725C382FF00CAAD06 /* background6.png */ = {isa = PBXFileReference; lastKnownFileType = image.png; path = background6.png; sourceTree = "<group>"; };
		29D42B0B25C3888E00CAAD06 /* UIFont+Extension.swift */ = {isa = PBXFileReference; lastKnownFileType = sourcecode.swift; path = "UIFont+Extension.swift"; sourceTree = "<group>"; };
		29ED2A2D25C20F6A00713192 /* AddMovieView.swift */ = {isa = PBXFileReference; lastKnownFileType = sourcecode.swift; path = AddMovieView.swift; sourceTree = "<group>"; };
/* End PBXFileReference section */

/* Begin PBXFrameworksBuildPhase section */
		293540F025BA3EE9001500B3 /* Frameworks */ = {
			isa = PBXFrameworksBuildPhase;
			buildActionMask = 2147483647;
			files = (
				2935412525BA5234001500B3 /* SnapKit in Frameworks */,
			);
			runOnlyForDeploymentPostprocessing = 0;
		};
/* End PBXFrameworksBuildPhase section */

/* Begin PBXGroup section */
		2925B18225BB63CD00A3824B /* ViewModels */ = {
			isa = PBXGroup;
			children = (
				2925B18325BB640100A3824B /* MovieViewModel.swift */,
			);
			path = ViewModels;
			sourceTree = "<group>";
		};
		2925B18825BB659700A3824B /* Managers */ = {
			isa = PBXGroup;
			children = (
				2925B18925BB65F700A3824B /* MovieManager.swift */,
			);
			path = Managers;
			sourceTree = "<group>";
		};
		2925B18C25BB66BD00A3824B /* movieBackground */ = {
			isa = PBXGroup;
			children = (
				29D42B0625C382FF00CAAD06 /* background5.png */,
				29D42B0725C382FF00CAAD06 /* background6.png */,
				2925B18E25BB66BD00A3824B /* background4.png */,
				2925B19B25BB6C9100A3824B /* background2.png */,
				2925B19D25BB6C9200A3824B /* background3.png */,
				2925B19025BB66BD00A3824B /* background1.png */,
			);
			path = movieBackground;
			sourceTree = "<group>";
		};
		2925B1A325BB6CDA00A3824B /* Cells */ = {
			isa = PBXGroup;
			children = (
				2925B1BC25BB898F00A3824B /* MovieCollectionViewCell.swift */,
			);
			path = Cells;
			sourceTree = "<group>";
		};
		2925B1B225BB83FB00A3824B /* Utility */ = {
			isa = PBXGroup;
			children = (
				2925B1B825BB84FC00A3824B /* Identifier+Extension.swift */,
				29D42B0B25C3888E00CAAD06 /* UIFont+Extension.swift */,
			);
			path = Utility;
			sourceTree = "<group>";
		};
		293540EA25BA3EE9001500B3 = {
			isa = PBXGroup;
			children = (
				293540F525BA3EE9001500B3 /* MovieList */,
				293540F425BA3EE9001500B3 /* Products */,
			);
			sourceTree = "<group>";
		};
		293540F425BA3EE9001500B3 /* Products */ = {
			isa = PBXGroup;
			children = (
				293540F325BA3EE9001500B3 /* MovieList.app */,
			);
			name = Products;
			sourceTree = "<group>";
		};
		293540F525BA3EE9001500B3 /* MovieList */ = {
			isa = PBXGroup;
			children = (
				2925B1B225BB83FB00A3824B /* Utility */,
				2925B18825BB659700A3824B /* Managers */,
				2925B18225BB63CD00A3824B /* ViewModels */,
				2935411F25BA4AB9001500B3 /* Models */,
				2935411225BA4463001500B3 /* Views */,
				2935410F25BA4373001500B3 /* Supporting */,
				2935410D25BA4368001500B3 /* Resources */,
			);
			path = MovieList;
			sourceTree = "<group>";
		};
		2935410D25BA4368001500B3 /* Resources */ = {
			isa = PBXGroup;
			children = (
				2925B18C25BB66BD00A3824B /* movieBackground */,
				293540FF25BA3EEB001500B3 /* Assets.xcassets */,
			);
			path = Resources;
			sourceTree = "<group>";
		};
		2935410F25BA4373001500B3 /* Supporting */ = {
			isa = PBXGroup;
			children = (
				293540F625BA3EE9001500B3 /* AppDelegate.swift */,
				293540F825BA3EE9001500B3 /* SceneDelegate.swift */,
				2935410125BA3EEB001500B3 /* LaunchScreen.storyboard */,
				2935410425BA3EEB001500B3 /* Info.plist */,
			);
			path = Supporting;
			sourceTree = "<group>";
		};
		2935411225BA4463001500B3 /* Views */ = {
			isa = PBXGroup;
			children = (
				29A0F49F25C8D15600EDA316 /* MovieDetailView */,
				29ED2A2C25C20F5100713192 /* AddMovieView */,
				29929B1025BCD53600477575 /* HeaderView */,
				2935411325BA4465001500B3 /* HomeViewController */,
			);
			path = Views;
			sourceTree = "<group>";
		};
		2935411325BA4465001500B3 /* HomeViewController */ = {
			isa = PBXGroup;
			children = (
				2925B1A325BB6CDA00A3824B /* Cells */,
				2935411925BA4521001500B3 /* HomeViewController.swift */,
				2935411C25BA497D001500B3 /* HomeViewControllerDataSource.swift */,
			);
			path = HomeViewController;
			sourceTree = "<group>";
		};
		2935411F25BA4AB9001500B3 /* Models */ = {
			isa = PBXGroup;
			children = (
				2935412025BA4AC0001500B3 /* Movie.swift */,
			);
			path = Models;
			sourceTree = "<group>";
		};
		29929B1025BCD53600477575 /* HeaderView */ = {
			isa = PBXGroup;
			children = (
				29929B1125BCD54C00477575 /* HeaderView.swift */,
			);
			path = HeaderView;
			sourceTree = "<group>";
		};
		29A0F49F25C8D15600EDA316 /* MovieDetailView */ = {
			isa = PBXGroup;
			children = (
				29A0F4A025C8D17300EDA316 /* MovieDetailView.swift */,
			);
			path = MovieDetailView;
			sourceTree = "<group>";
		};
		29ED2A2C25C20F5100713192 /* AddMovieView */ = {
			isa = PBXGroup;
			children = (
				29ED2A2D25C20F6A00713192 /* AddMovieView.swift */,
			);
			path = AddMovieView;
			sourceTree = "<group>";
		};
/* End PBXGroup section */

/* Begin PBXNativeTarget section */
		293540F225BA3EE9001500B3 /* MovieList */ = {
			isa = PBXNativeTarget;
			buildConfigurationList = 2935410725BA3EEB001500B3 /* Build configuration list for PBXNativeTarget "MovieList" */;
			buildPhases = (
				293540EF25BA3EE9001500B3 /* Sources */,
				293540F025BA3EE9001500B3 /* Frameworks */,
				293540F125BA3EE9001500B3 /* Resources */,
			);
			buildRules = (
			);
			dependencies = (
			);
			name = MovieList;
			packageProductDependencies = (
				2935412425BA5234001500B3 /* SnapKit */,
			);
			productName = MovieList;
			productReference = 293540F325BA3EE9001500B3 /* MovieList.app */;
			productType = "com.apple.product-type.application";
		};
/* End PBXNativeTarget section */

/* Begin PBXProject section */
		293540EB25BA3EE9001500B3 /* Project object */ = {
			isa = PBXProject;
			attributes = {
				LastSwiftUpdateCheck = 1230;
				LastUpgradeCheck = 1230;
				TargetAttributes = {
					293540F225BA3EE9001500B3 = {
						CreatedOnToolsVersion = 12.3;
					};
				};
			};
			buildConfigurationList = 293540EE25BA3EE9001500B3 /* Build configuration list for PBXProject "MovieList" */;
			compatibilityVersion = "Xcode 9.3";
			developmentRegion = en;
			hasScannedForEncodings = 0;
			knownRegions = (
				en,
				Base,
			);
			mainGroup = 293540EA25BA3EE9001500B3;
			packageReferences = (
				2935412325BA5234001500B3 /* XCRemoteSwiftPackageReference "SnapKit" */,
			);
			productRefGroup = 293540F425BA3EE9001500B3 /* Products */;
			projectDirPath = "";
			projectRoot = "";
			targets = (
				293540F225BA3EE9001500B3 /* MovieList */,
			);
		};
/* End PBXProject section */

/* Begin PBXResourcesBuildPhase section */
		293540F125BA3EE9001500B3 /* Resources */ = {
			isa = PBXResourcesBuildPhase;
			buildActionMask = 2147483647;
			files = (
				29D42B0925C382FF00CAAD06 /* background6.png in Resources */,
				29D42B0825C382FF00CAAD06 /* background5.png in Resources */,
				2935410325BA3EEB001500B3 /* LaunchScreen.storyboard in Resources */,
				2925B19525BB66BD00A3824B /* background1.png in Resources */,
				2925B19E25BB6C9200A3824B /* background2.png in Resources */,
				2935410025BA3EEB001500B3 /* Assets.xcassets in Resources */,
				2925B19325BB66BD00A3824B /* background4.png in Resources */,
				2925B1A025BB6C9200A3824B /* background3.png in Resources */,
			);
			runOnlyForDeploymentPostprocessing = 0;
		};
/* End PBXResourcesBuildPhase section */

/* Begin PBXSourcesBuildPhase section */
		293540EF25BA3EE9001500B3 /* Sources */ = {
			isa = PBXSourcesBuildPhase;
			buildActionMask = 2147483647;
			files = (
				2925B1B925BB84FC00A3824B /* Identifier+Extension.swift in Sources */,
				2935411D25BA497D001500B3 /* HomeViewControllerDataSource.swift in Sources */,
				2925B1BD25BB898F00A3824B /* MovieCollectionViewCell.swift in Sources */,
				293540F725BA3EE9001500B3 /* AppDelegate.swift in Sources */,
				2925B18A25BB65F700A3824B /* MovieManager.swift in Sources */,
				29929B1225BCD54C00477575 /* HeaderView.swift in Sources */,
				29D42B0C25C3888E00CAAD06 /* UIFont+Extension.swift in Sources */,
				29A0F4A125C8D17300EDA316 /* MovieDetailView.swift in Sources */,
				293540F925BA3EE9001500B3 /* SceneDelegate.swift in Sources */,
				2935411A25BA4521001500B3 /* HomeViewController.swift in Sources */,
				2935412125BA4AC0001500B3 /* Movie.swift in Sources */,
				29ED2A2E25C20F6A00713192 /* AddMovieView.swift in Sources */,
				2925B18425BB640100A3824B /* MovieViewModel.swift in Sources */,
			);
			runOnlyForDeploymentPostprocessing = 0;
		};
/* End PBXSourcesBuildPhase section */

/* Begin PBXVariantGroup section */
		2935410125BA3EEB001500B3 /* LaunchScreen.storyboard */ = {
			isa = PBXVariantGroup;
			children = (
				2935410225BA3EEB001500B3 /* Base */,
			);
			name = LaunchScreen.storyboard;
			sourceTree = "<group>";
		};
/* End PBXVariantGroup section */

/* Begin XCBuildConfiguration section */
		2935410525BA3EEB001500B3 /* Debug */ = {
			isa = XCBuildConfiguration;
			buildSettings = {
				ALWAYS_SEARCH_USER_PATHS = NO;
				CLANG_ANALYZER_NONNULL = YES;
				CLANG_ANALYZER_NUMBER_OBJECT_CONVERSION = YES_AGGRESSIVE;
				CLANG_CXX_LANGUAGE_STANDARD = "gnu++14";
				CLANG_CXX_LIBRARY = "libc++";
				CLANG_ENABLE_MODULES = YES;
				CLANG_ENABLE_OBJC_ARC = YES;
				CLANG_ENABLE_OBJC_WEAK = YES;
				CLANG_WARN_BLOCK_CAPTURE_AUTORELEASING = YES;
				CLANG_WARN_BOOL_CONVERSION = YES;
				CLANG_WARN_COMMA = YES;
				CLANG_WARN_CONSTANT_CONVERSION = YES;
				CLANG_WARN_DEPRECATED_OBJC_IMPLEMENTATIONS = YES;
				CLANG_WARN_DIRECT_OBJC_ISA_USAGE = YES_ERROR;
				CLANG_WARN_DOCUMENTATION_COMMENTS = YES;
				CLANG_WARN_EMPTY_BODY = YES;
				CLANG_WARN_ENUM_CONVERSION = YES;
				CLANG_WARN_INFINITE_RECURSION = YES;
				CLANG_WARN_INT_CONVERSION = YES;
				CLANG_WARN_NON_LITERAL_NULL_CONVERSION = YES;
				CLANG_WARN_OBJC_IMPLICIT_RETAIN_SELF = YES;
				CLANG_WARN_OBJC_LITERAL_CONVERSION = YES;
				CLANG_WARN_OBJC_ROOT_CLASS = YES_ERROR;
				CLANG_WARN_QUOTED_INCLUDE_IN_FRAMEWORK_HEADER = YES;
				CLANG_WARN_RANGE_LOOP_ANALYSIS = YES;
				CLANG_WARN_STRICT_PROTOTYPES = YES;
				CLANG_WARN_SUSPICIOUS_MOVE = YES;
				CLANG_WARN_UNGUARDED_AVAILABILITY = YES_AGGRESSIVE;
				CLANG_WARN_UNREACHABLE_CODE = YES;
				CLANG_WARN__DUPLICATE_METHOD_MATCH = YES;
				COPY_PHASE_STRIP = NO;
				DEBUG_INFORMATION_FORMAT = dwarf;
				ENABLE_STRICT_OBJC_MSGSEND = YES;
				ENABLE_TESTABILITY = YES;
				GCC_C_LANGUAGE_STANDARD = gnu11;
				GCC_DYNAMIC_NO_PIC = NO;
				GCC_NO_COMMON_BLOCKS = YES;
				GCC_OPTIMIZATION_LEVEL = 0;
				GCC_PREPROCESSOR_DEFINITIONS = (
					"DEBUG=1",
					"$(inherited)",
				);
				GCC_WARN_64_TO_32_BIT_CONVERSION = YES;
				GCC_WARN_ABOUT_RETURN_TYPE = YES_ERROR;
				GCC_WARN_UNDECLARED_SELECTOR = YES;
				GCC_WARN_UNINITIALIZED_AUTOS = YES_AGGRESSIVE;
				GCC_WARN_UNUSED_FUNCTION = YES;
				GCC_WARN_UNUSED_VARIABLE = YES;
				IPHONEOS_DEPLOYMENT_TARGET = 14.3;
				MTL_ENABLE_DEBUG_INFO = INCLUDE_SOURCE;
				MTL_FAST_MATH = YES;
				ONLY_ACTIVE_ARCH = YES;
				SDKROOT = iphoneos;
				SWIFT_ACTIVE_COMPILATION_CONDITIONS = DEBUG;
				SWIFT_OPTIMIZATION_LEVEL = "-Onone";
			};
			name = Debug;
		};
		2935410625BA3EEB001500B3 /* Release */ = {
			isa = XCBuildConfiguration;
			buildSettings = {
				ALWAYS_SEARCH_USER_PATHS = NO;
				CLANG_ANALYZER_NONNULL = YES;
				CLANG_ANALYZER_NUMBER_OBJECT_CONVERSION = YES_AGGRESSIVE;
				CLANG_CXX_LANGUAGE_STANDARD = "gnu++14";
				CLANG_CXX_LIBRARY = "libc++";
				CLANG_ENABLE_MODULES = YES;
				CLANG_ENABLE_OBJC_ARC = YES;
				CLANG_ENABLE_OBJC_WEAK = YES;
				CLANG_WARN_BLOCK_CAPTURE_AUTORELEASING = YES;
				CLANG_WARN_BOOL_CONVERSION = YES;
				CLANG_WARN_COMMA = YES;
				CLANG_WARN_CONSTANT_CONVERSION = YES;
				CLANG_WARN_DEPRECATED_OBJC_IMPLEMENTATIONS = YES;
				CLANG_WARN_DIRECT_OBJC_ISA_USAGE = YES_ERROR;
				CLANG_WARN_DOCUMENTATION_COMMENTS = YES;
				CLANG_WARN_EMPTY_BODY = YES;
				CLANG_WARN_ENUM_CONVERSION = YES;
				CLANG_WARN_INFINITE_RECURSION = YES;
				CLANG_WARN_INT_CONVERSION = YES;
				CLANG_WARN_NON_LITERAL_NULL_CONVERSION = YES;
				CLANG_WARN_OBJC_IMPLICIT_RETAIN_SELF = YES;
				CLANG_WARN_OBJC_LITERAL_CONVERSION = YES;
				CLANG_WARN_OBJC_ROOT_CLASS = YES_ERROR;
				CLANG_WARN_QUOTED_INCLUDE_IN_FRAMEWORK_HEADER = YES;
				CLANG_WARN_RANGE_LOOP_ANALYSIS = YES;
				CLANG_WARN_STRICT_PROTOTYPES = YES;
				CLANG_WARN_SUSPICIOUS_MOVE = YES;
				CLANG_WARN_UNGUARDED_AVAILABILITY = YES_AGGRESSIVE;
				CLANG_WARN_UNREACHABLE_CODE = YES;
				CLANG_WARN__DUPLICATE_METHOD_MATCH = YES;
				COPY_PHASE_STRIP = NO;
				DEBUG_INFORMATION_FORMAT = "dwarf-with-dsym";
				ENABLE_NS_ASSERTIONS = NO;
				ENABLE_STRICT_OBJC_MSGSEND = YES;
				GCC_C_LANGUAGE_STANDARD = gnu11;
				GCC_NO_COMMON_BLOCKS = YES;
				GCC_WARN_64_TO_32_BIT_CONVERSION = YES;
				GCC_WARN_ABOUT_RETURN_TYPE = YES_ERROR;
				GCC_WARN_UNDECLARED_SELECTOR = YES;
				GCC_WARN_UNINITIALIZED_AUTOS = YES_AGGRESSIVE;
				GCC_WARN_UNUSED_FUNCTION = YES;
				GCC_WARN_UNUSED_VARIABLE = YES;
				IPHONEOS_DEPLOYMENT_TARGET = 14.3;
				MTL_ENABLE_DEBUG_INFO = NO;
				MTL_FAST_MATH = YES;
				SDKROOT = iphoneos;
				SWIFT_COMPILATION_MODE = wholemodule;
				SWIFT_OPTIMIZATION_LEVEL = "-O";
				VALIDATE_PRODUCT = YES;
			};
			name = Release;
		};
		2935410825BA3EEB001500B3 /* Debug */ = {
			isa = XCBuildConfiguration;
			buildSettings = {
				ASSETCATALOG_COMPILER_APPICON_NAME = AppIcon;
				ASSETCATALOG_COMPILER_GLOBAL_ACCENT_COLOR_NAME = AccentColor;
				CODE_SIGN_STYLE = Automatic;
				INFOPLIST_FILE = MovieList/Supporting/Info.plist;
				LD_RUNPATH_SEARCH_PATHS = (
					"$(inherited)",
					"@executable_path/Frameworks",
				);
				PRODUCT_BUNDLE_IDENTIFIER = com.leonardo.MovieList;
				PRODUCT_NAME = "$(TARGET_NAME)";
				SWIFT_VERSION = 5.0;
				TARGETED_DEVICE_FAMILY = "1,2";
			};
			name = Debug;
		};
		2935410925BA3EEB001500B3 /* Release */ = {
			isa = XCBuildConfiguration;
			buildSettings = {
				ASSETCATALOG_COMPILER_APPICON_NAME = AppIcon;
				ASSETCATALOG_COMPILER_GLOBAL_ACCENT_COLOR_NAME = AccentColor;
				CODE_SIGN_STYLE = Automatic;
				INFOPLIST_FILE = MovieList/Supporting/Info.plist;
				LD_RUNPATH_SEARCH_PATHS = (
					"$(inherited)",
					"@executable_path/Frameworks",
				);
				PRODUCT_BUNDLE_IDENTIFIER = com.leonardo.MovieList;
				PRODUCT_NAME = "$(TARGET_NAME)";
				SWIFT_VERSION = 5.0;
				TARGETED_DEVICE_FAMILY = "1,2";
			};
			name = Release;
		};
/* End XCBuildConfiguration section */

/* Begin XCConfigurationList section */
		293540EE25BA3EE9001500B3 /* Build configuration list for PBXProject "MovieList" */ = {
			isa = XCConfigurationList;
			buildConfigurations = (
				2935410525BA3EEB001500B3 /* Debug */,
				2935410625BA3EEB001500B3 /* Release */,
			);
			defaultConfigurationIsVisible = 0;
			defaultConfigurationName = Release;
		};
		2935410725BA3EEB001500B3 /* Build configuration list for PBXNativeTarget "MovieList" */ = {
			isa = XCConfigurationList;
			buildConfigurations = (
				2935410825BA3EEB001500B3 /* Debug */,
				2935410925BA3EEB001500B3 /* Release */,
			);
			defaultConfigurationIsVisible = 0;
			defaultConfigurationName = Release;
		};
/* End XCConfigurationList section */

/* Begin XCRemoteSwiftPackageReference section */
		2935412325BA5234001500B3 /* XCRemoteSwiftPackageReference "SnapKit" */ = {
			isa = XCRemoteSwiftPackageReference;
			repositoryURL = "https://github.com/SnapKit/SnapKit";
			requirement = {
				kind = upToNextMajorVersion;
				minimumVersion = 5.0.1;
			};
		};
/* End XCRemoteSwiftPackageReference section */

/* Begin XCSwiftPackageProductDependency section */
		2935412425BA5234001500B3 /* SnapKit */ = {
			isa = XCSwiftPackageProductDependency;
			package = 2935412325BA5234001500B3 /* XCRemoteSwiftPackageReference "SnapKit" */;
			productName = SnapKit;
		};
/* End XCSwiftPackageProductDependency section */
	};
	rootObject = 293540EB25BA3EE9001500B3 /* Project object */;
}
